
Microsoft Visual Studio Solution File, Format Version 12.00
# Visual Studio Version 16
VisualStudioVersion = 16.0.31129.286
MinimumVisualStudioVersion = 10.0.40219.1
Project("{FAE04EC0-301F-11D3-BF4B-00C04F79EFBC}") = "HelloWorld", "HelloWorld\HelloWorld.csproj", "{A17F83BD-2366-4EDA-ABD2-76C7AF285C24}"
EndProject
Global
	GlobalSection(SolutionConfigurationPlatforms) = preSolution
		Debug|Any CPU = Debug|Any CPU
		Release|Any CPU = Release|Any CPU
	EndGlobalSection
	GlobalSection(ProjectConfigurationPlatforms) = postSolution
		{A17F83BD-2366-4EDA-ABD2-76C7AF285C24}.Debug|Any CPU.ActiveCfg = Debug|Any CPU
		{A17F83BD-2366-4EDA-ABD2-76C7AF285C24}.Debug|Any CPU.Build.0 = Debug|Any CPU
		{A17F83BD-2366-4EDA-ABD2-76C7AF285C24}.Release|Any CPU.ActiveCfg = Release|Any CPU
		{A17F83BD-2366-4EDA-ABD2-76C7AF285C24}.Release|Any CPU.Build.0 = Release|Any CPU
	EndGlobalSection
	GlobalSection(SolutionProperties) = preSolution
		HideSolutionNode = FALSE
	EndGlobalSection
	GlobalSection(ExtensibilityGlobals) = postSolution
		SolutionGuid = {900946B0-0C9C-480D-ACA5-E5F78A0B4BB3}
	EndGlobalSection
EndGlobal
